// !$*UTF8*$!
{
	archiveVersion = 1;
	classes = {
	};
	objectVersion = 50;
	objects = {

/* Begin PBXBuildFile section */
		180C1DCD26BC4869000946EA /* CategoryCell.swift in Sources */ = {isa = PBXBuildFile; fileRef = 180C1DCC26BC4869000946EA /* CategoryCell.swift */; };
		1816378026BC10810022B6E2 /* AppDelegate.swift in Sources */ = {isa = PBXBuildFile; fileRef = 1816377F26BC10810022B6E2 /* AppDelegate.swift */; };
		1816378226BC10810022B6E2 /* SceneDelegate.swift in Sources */ = {isa = PBXBuildFile; fileRef = 1816378126BC10810022B6E2 /* SceneDelegate.swift */; };
		1816378426BC10810022B6E2 /* HomeVC.swift in Sources */ = {isa = PBXBuildFile; fileRef = 1816378326BC10810022B6E2 /* HomeVC.swift */; };
		1816378726BC10810022B6E2 /* Main.storyboard in Resources */ = {isa = PBXBuildFile; fileRef = 1816378526BC10810022B6E2 /* Main.storyboard */; };
		1816378926BC10830022B6E2 /* Assets.xcassets in Resources */ = {isa = PBXBuildFile; fileRef = 1816378826BC10830022B6E2 /* Assets.xcassets */; };
		1816378C26BC10830022B6E2 /* LaunchScreen.storyboard in Resources */ = {isa = PBXBuildFile; fileRef = 1816378A26BC10830022B6E2 /* LaunchScreen.storyboard */; };
		1816379826BC12460022B6E2 /* FoodCategory.swift in Sources */ = {isa = PBXBuildFile; fileRef = 1816379726BC12460022B6E2 /* FoodCategory.swift */; };
		1816379B26BC139D0022B6E2 /* Recipe.swift in Sources */ = {isa = PBXBuildFile; fileRef = 1816379A26BC139D0022B6E2 /* Recipe.swift */; };
		1816379E26BC14390022B6E2 /* DataSet.swift in Sources */ = {isa = PBXBuildFile; fileRef = 1816379D26BC14390022B6E2 /* DataSet.swift */; };
		1847B0DF26BD062900B07B84 /* RecipesSelectionVC.swift in Sources */ = {isa = PBXBuildFile; fileRef = 1847B0DE26BD062900B07B84 /* RecipesSelectionVC.swift */; };
		1847B0E326BD361800B07B84 /* RecipeCell.swift in Sources */ = {isa = PBXBuildFile; fileRef = 1847B0E226BD361800B07B84 /* RecipeCell.swift */; };
/* End PBXBuildFile section */

/* Begin PBXFileReference section */
		180C1DCC26BC4869000946EA /* CategoryCell.swift */ = {isa = PBXFileReference; lastKnownFileType = sourcecode.swift; path = CategoryCell.swift; sourceTree = "<group>"; };
		1816377C26BC10810022B6E2 /* FoodEatins.app */ = {isa = PBXFileReference; explicitFileType = wrapper.application; includeInIndex = 0; path = FoodEatins.app; sourceTree = BUILT_PRODUCTS_DIR; };
		1816377F26BC10810022B6E2 /* AppDelegate.swift */ = {isa = PBXFileReference; lastKnownFileType = sourcecode.swift; path = AppDelegate.swift; sourceTree = "<group>"; };
		1816378126BC10810022B6E2 /* SceneDelegate.swift */ = {isa = PBXFileReference; lastKnownFileType = sourcecode.swift; path = SceneDelegate.swift; sourceTree = "<group>"; };
		1816378326BC10810022B6E2 /* HomeVC.swift */ = {isa = PBXFileReference; lastKnownFileType = sourcecode.swift; path = HomeVC.swift; sourceTree = "<group>"; };
		1816378626BC10810022B6E2 /* Base */ = {isa = PBXFileReference; lastKnownFileType = file.storyboard; name = Base; path = Base.lproj/Main.storyboard; sourceTree = "<group>"; };
		1816378826BC10830022B6E2 /* Assets.xcassets */ = {isa = PBXFileReference; lastKnownFileType = folder.assetcatalog; path = Assets.xcassets; sourceTree = "<group>"; };
		1816378B26BC10830022B6E2 /* Base */ = {isa = PBXFileReference; lastKnownFileType = file.storyboard; name = Base; path = Base.lproj/LaunchScreen.storyboard; sourceTree = "<group>"; };
		1816378D26BC10830022B6E2 /* Info.plist */ = {isa = PBXFileReference; lastKnownFileType = text.plist.xml; path = Info.plist; sourceTree = "<group>"; };
		1816379726BC12460022B6E2 /* FoodCategory.swift */ = {isa = PBXFileReference; lastKnownFileType = sourcecode.swift; path = FoodCategory.swift; sourceTree = "<group>"; };
		1816379A26BC139D0022B6E2 /* Recipe.swift */ = {isa = PBXFileReference; lastKnownFileType = sourcecode.swift; path = Recipe.swift; sourceTree = "<group>"; };
		1816379D26BC14390022B6E2 /* DataSet.swift */ = {isa = PBXFileReference; lastKnownFileType = sourcecode.swift; path = DataSet.swift; sourceTree = "<group>"; };
		1847B0DE26BD062900B07B84 /* RecipesSelectionVC.swift */ = {isa = PBXFileReference; lastKnownFileType = sourcecode.swift; path = RecipesSelectionVC.swift; sourceTree = "<group>"; };
		1847B0E226BD361800B07B84 /* RecipeCell.swift */ = {isa = PBXFileReference; lastKnownFileType = sourcecode.swift; path = RecipeCell.swift; sourceTree = "<group>"; };
/* End PBXFileReference section */

/* Begin PBXFrameworksBuildPhase section */
		1816377926BC10810022B6E2 /* Frameworks */ = {
			isa = PBXFrameworksBuildPhase;
			buildActionMask = 2147483647;
			files = (
			);
			runOnlyForDeploymentPostprocessing = 0;
		};
/* End PBXFrameworksBuildPhase section */

/* Begin PBXGroup section */
		1816377326BC10810022B6E2 = {
			isa = PBXGroup;
			children = (
				1816377E26BC10810022B6E2 /* FoodEatins */,
				1816377D26BC10810022B6E2 /* Products */,
			);
			sourceTree = "<group>";
		};
		1816377D26BC10810022B6E2 /* Products */ = {
			isa = PBXGroup;
			children = (
				1816377C26BC10810022B6E2 /* FoodEatins.app */,
			);
			name = Products;
			sourceTree = "<group>";
		};
		1816377E26BC10810022B6E2 /* FoodEatins */ = {
			isa = PBXGroup;
			children = (
				1816379426BC114B0022B6E2 /* Model */,
				1816379526BC11660022B6E2 /* View */,
				1816379626BC116C0022B6E2 /* Controllers */,
				1816377F26BC10810022B6E2 /* AppDelegate.swift */,
				1816378126BC10810022B6E2 /* SceneDelegate.swift */,
				1816378526BC10810022B6E2 /* Main.storyboard */,
				1816378826BC10830022B6E2 /* Assets.xcassets */,
				1816378A26BC10830022B6E2 /* LaunchScreen.storyboard */,
				1816378D26BC10830022B6E2 /* Info.plist */,
			);
			path = FoodEatins;
			sourceTree = "<group>";
		};
		1816379426BC114B0022B6E2 /* Model */ = {
			isa = PBXGroup;
			children = (
				1816379726BC12460022B6E2 /* FoodCategory.swift */,
				1816379A26BC139D0022B6E2 /* Recipe.swift */,
				1816379D26BC14390022B6E2 /* DataSet.swift */,
			);
			path = Model;
			sourceTree = "<group>";
		};
		1816379526BC11660022B6E2 /* View */ = {
			isa = PBXGroup;
			children = (
				180C1DCC26BC4869000946EA /* CategoryCell.swift */,
				1847B0E226BD361800B07B84 /* RecipeCell.swift */,
			);
			path = View;
			sourceTree = "<group>";
		};
		1816379626BC116C0022B6E2 /* Controllers */ = {
			isa = PBXGroup;
			children = (
				1816378326BC10810022B6E2 /* HomeVC.swift */,
				1847B0DE26BD062900B07B84 /* RecipesSelectionVC.swift */,
			);
			path = Controllers;
			sourceTree = "<group>";
		};
/* End PBXGroup section */

/* Begin PBXNativeTarget section */
		1816377B26BC10810022B6E2 /* FoodEatins */ = {
			isa = PBXNativeTarget;
			buildConfigurationList = 1816379026BC10830022B6E2 /* Build configuration list for PBXNativeTarget "FoodEatins" */;
			buildPhases = (
				1816377826BC10810022B6E2 /* Sources */,
				1816377926BC10810022B6E2 /* Frameworks */,
				1816377A26BC10810022B6E2 /* Resources */,
			);
			buildRules = (
			);
			dependencies = (
			);
			name = FoodEatins;
			productName = FoodEatins;
			productReference = 1816377C26BC10810022B6E2 /* FoodEatins.app */;
			productType = "com.apple.product-type.application";
		};
/* End PBXNativeTarget section */

/* Begin PBXProject section */
		1816377426BC10810022B6E2 /* Project object */ = {
			isa = PBXProject;
			attributes = {
				LastSwiftUpdateCheck = 1200;
				LastUpgradeCheck = 1200;
				TargetAttributes = {
					1816377B26BC10810022B6E2 = {
						CreatedOnToolsVersion = 12.0.1;
					};
				};
			};
			buildConfigurationList = 1816377726BC10810022B6E2 /* Build configuration list for PBXProject "FoodEatins" */;
			compatibilityVersion = "Xcode 9.3";
			developmentRegion = en;
			hasScannedForEncodings = 0;
			knownRegions = (
				en,
				Base,
			);
			mainGroup = 1816377326BC10810022B6E2;
			productRefGroup = 1816377D26BC10810022B6E2 /* Products */;
			projectDirPath = "";
			projectRoot = "";
			targets = (
				1816377B26BC10810022B6E2 /* FoodEatins */,
			);
		};
/* End PBXProject section */

/* Begin PBXResourcesBuildPhase section */
		1816377A26BC10810022B6E2 /* Resources */ = {
			isa = PBXResourcesBuildPhase;
			buildActionMask = 2147483647;
			files = (
				1816378C26BC10830022B6E2 /* LaunchScreen.storyboard in Resources */,
				1816378926BC10830022B6E2 /* Assets.xcassets in Resources */,
				1816378726BC10810022B6E2 /* Main.storyboard in Resources */,
			);
			runOnlyForDeploymentPostprocessing = 0;
		};
/* End PBXResourcesBuildPhase section */

/* Begin PBXSourcesBuildPhase section */
		1816377826BC10810022B6E2 /* Sources */ = {
			isa = PBXSourcesBuildPhase;
			buildActionMask = 2147483647;
			files = (
				1816379E26BC14390022B6E2 /* DataSet.swift in Sources */,
				1816378426BC10810022B6E2 /* HomeVC.swift in Sources */,
				1816378026BC10810022B6E2 /* AppDelegate.swift in Sources */,
				1847B0E326BD361800B07B84 /* RecipeCell.swift in Sources */,
				180C1DCD26BC4869000946EA /* CategoryCell.swift in Sources */,
				1816378226BC10810022B6E2 /* SceneDelegate.swift in Sources */,
				1847B0DF26BD062900B07B84 /* RecipesSelectionVC.swift in Sources */,
				1816379826BC12460022B6E2 /* FoodCategory.swift in Sources */,
				1816379B26BC139D0022B6E2 /* Recipe.swift in Sources */,
			);
			runOnlyForDeploymentPostprocessing = 0;
		};
/* End PBXSourcesBuildPhase section */

/* Begin PBXVariantGroup section */
		1816378526BC10810022B6E2 /* Main.storyboard */ = {
			isa = PBXVariantGroup;
			children = (
				1816378626BC10810022B6E2 /* Base */,
			);
			name = Main.storyboard;
			sourceTree = "<group>";
		};
		1816378A26BC10830022B6E2 /* LaunchScreen.storyboard */ = {
			isa = PBXVariantGroup;
			children = (
				1816378B26BC10830022B6E2 /* Base */,
			);
			name = LaunchScreen.storyboard;
			sourceTree = "<group>";
		};
/* End PBXVariantGroup section */

/* Begin XCBuildConfiguration section */
		1816378E26BC10830022B6E2 /* Debug */ = {
			isa = XCBuildConfiguration;
			buildSettings = {
				ALWAYS_SEARCH_USER_PATHS = NO;
				CLANG_ANALYZER_NONNULL = YES;
				CLANG_ANALYZER_NUMBER_OBJECT_CONVERSION = YES_AGGRESSIVE;
				CLANG_CXX_LANGUAGE_STANDARD = "gnu++14";
				CLANG_CXX_LIBRARY = "libc++";
				CLANG_ENABLE_MODULES = YES;
				CLANG_ENABLE_OBJC_ARC = YES;
				CLANG_ENABLE_OBJC_WEAK = YES;
				CLANG_WARN_BLOCK_CAPTURE_AUTORELEASING = YES;
				CLANG_WARN_BOOL_CONVERSION = YES;
				CLANG_WARN_COMMA = YES;
				CLANG_WARN_CONSTANT_CONVERSION = YES;
				CLANG_WARN_DEPRECATED_OBJC_IMPLEMENTATIONS = YES;
				CLANG_WARN_DIRECT_OBJC_ISA_USAGE = YES_ERROR;
				CLANG_WARN_DOCUMENTATION_COMMENTS = YES;
				CLANG_WARN_EMPTY_BODY = YES;
				CLANG_WARN_ENUM_CONVERSION = YES;
				CLANG_WARN_INFINITE_RECURSION = YES;
				CLANG_WARN_INT_CONVERSION = YES;
				CLANG_WARN_NON_LITERAL_NULL_CONVERSION = YES;
				CLANG_WARN_OBJC_IMPLICIT_RETAIN_SELF = YES;
				CLANG_WARN_OBJC_LITERAL_CONVERSION = YES;
				CLANG_WARN_OBJC_ROOT_CLASS = YES_ERROR;
				CLANG_WARN_QUOTED_INCLUDE_IN_FRAMEWORK_HEADER = YES;
				CLANG_WARN_RANGE_LOOP_ANALYSIS = YES;
				CLANG_WARN_STRICT_PROTOTYPES = YES;
				CLANG_WARN_SUSPICIOUS_MOVE = YES;
				CLANG_WARN_UNGUARDED_AVAILABILITY = YES_AGGRESSIVE;
				CLANG_WARN_UNREACHABLE_CODE = YES;
				CLANG_WARN__DUPLICATE_METHOD_MATCH = YES;
				COPY_PHASE_STRIP = NO;
				DEBUG_INFORMATION_FORMAT = dwarf;
				ENABLE_STRICT_OBJC_MSGSEND = YES;
				ENABLE_TESTABILITY = YES;
				GCC_C_LANGUAGE_STANDARD = gnu11;
				GCC_DYNAMIC_NO_PIC = NO;
				GCC_NO_COMMON_BLOCKS = YES;
				GCC_OPTIMIZATION_LEVEL = 0;
				GCC_PREPROCESSOR_DEFINITIONS = (
					"DEBUG=1",
					"$(inherited)",
				);
				GCC_WARN_64_TO_32_BIT_CONVERSION = YES;
				GCC_WARN_ABOUT_RETURN_TYPE = YES_ERROR;
				GCC_WARN_UNDECLARED_SELECTOR = YES;
				GCC_WARN_UNINITIALIZED_AUTOS = YES_AGGRESSIVE;
				GCC_WARN_UNUSED_FUNCTION = YES;
				GCC_WARN_UNUSED_VARIABLE = YES;
				IPHONEOS_DEPLOYMENT_TARGET = 14.0;
				MTL_ENABLE_DEBUG_INFO = INCLUDE_SOURCE;
				MTL_FAST_MATH = YES;
				ONLY_ACTIVE_ARCH = YES;
				SDKROOT = iphoneos;
				SWIFT_ACTIVE_COMPILATION_CONDITIONS = DEBUG;
				SWIFT_OPTIMIZATION_LEVEL = "-Onone";
			};
			name = Debug;
		};
		1816378F26BC10830022B6E2 /* Release */ = {
			isa = XCBuildConfiguration;
			buildSettings = {
				ALWAYS_SEARCH_USER_PATHS = NO;
				CLANG_ANALYZER_NONNULL = YES;
				CLANG_ANALYZER_NUMBER_OBJECT_CONVERSION = YES_AGGRESSIVE;
				CLANG_CXX_LANGUAGE_STANDARD = "gnu++14";
				CLANG_CXX_LIBRARY = "libc++";
				CLANG_ENABLE_MODULES = YES;
				CLANG_ENABLE_OBJC_ARC = YES;
				CLANG_ENABLE_OBJC_WEAK = YES;
				CLANG_WARN_BLOCK_CAPTURE_AUTORELEASING = YES;
				CLANG_WARN_BOOL_CONVERSION = YES;
				CLANG_WARN_COMMA = YES;
				CLANG_WARN_CONSTANT_CONVERSION = YES;
				CLANG_WARN_DEPRECATED_OBJC_IMPLEMENTATIONS = YES;
				CLANG_WARN_DIRECT_OBJC_ISA_USAGE = YES_ERROR;
				CLANG_WARN_DOCUMENTATION_COMMENTS = YES;
				CLANG_WARN_EMPTY_BODY = YES;
				CLANG_WARN_ENUM_CONVERSION = YES;
				CLANG_WARN_INFINITE_RECURSION = YES;
				CLANG_WARN_INT_CONVERSION = YES;
				CLANG_WARN_NON_LITERAL_NULL_CONVERSION = YES;
				CLANG_WARN_OBJC_IMPLICIT_RETAIN_SELF = YES;
				CLANG_WARN_OBJC_LITERAL_CONVERSION = YES;
				CLANG_WARN_OBJC_ROOT_CLASS = YES_ERROR;
				CLANG_WARN_QUOTED_INCLUDE_IN_FRAMEWORK_HEADER = YES;
				CLANG_WARN_RANGE_LOOP_ANALYSIS = YES;
				CLANG_WARN_STRICT_PROTOTYPES = YES;
				CLANG_WARN_SUSPICIOUS_MOVE = YES;
				CLANG_WARN_UNGUARDED_AVAILABILITY = YES_AGGRESSIVE;
				CLANG_WARN_UNREACHABLE_CODE = YES;
				CLANG_WARN__DUPLICATE_METHOD_MATCH = YES;
				COPY_PHASE_STRIP = NO;
				DEBUG_INFORMATION_FORMAT = "dwarf-with-dsym";
				ENABLE_NS_ASSERTIONS = NO;
				ENABLE_STRICT_OBJC_MSGSEND = YES;
				GCC_C_LANGUAGE_STANDARD = gnu11;
				GCC_NO_COMMON_BLOCKS = YES;
				GCC_WARN_64_TO_32_BIT_CONVERSION = YES;
				GCC_WARN_ABOUT_RETURN_TYPE = YES_ERROR;
				GCC_WARN_UNDECLARED_SELECTOR = YES;
				GCC_WARN_UNINITIALIZED_AUTOS = YES_AGGRESSIVE;
				GCC_WARN_UNUSED_FUNCTION = YES;
				GCC_WARN_UNUSED_VARIABLE = YES;
				IPHONEOS_DEPLOYMENT_TARGET = 14.0;
				MTL_ENABLE_DEBUG_INFO = NO;
				MTL_FAST_MATH = YES;
				SDKROOT = iphoneos;
				SWIFT_COMPILATION_MODE = wholemodule;
				SWIFT_OPTIMIZATION_LEVEL = "-O";
				VALIDATE_PRODUCT = YES;
			};
			name = Release;
		};
		1816379126BC10830022B6E2 /* Debug */ = {
			isa = XCBuildConfiguration;
			buildSettings = {
				ASSETCATALOG_COMPILER_APPICON_NAME = AppIcon;
				ASSETCATALOG_COMPILER_GLOBAL_ACCENT_COLOR_NAME = AccentColor;
				CODE_SIGN_STYLE = Automatic;
				INFOPLIST_FILE = FoodEatins/Info.plist;
				LD_RUNPATH_SEARCH_PATHS = (
					"$(inherited)",
					"@executable_path/Frameworks",
				);
				PRODUCT_BUNDLE_IDENTIFIER = demo.FoodEatins;
				PRODUCT_NAME = "$(TARGET_NAME)";
				SWIFT_VERSION = 5.0;
				TARGETED_DEVICE_FAMILY = "1,2";
			};
			name = Debug;
		};
		1816379226BC10830022B6E2 /* Release */ = {
			isa = XCBuildConfiguration;
			buildSettings = {
				ASSETCATALOG_COMPILER_APPICON_NAME = AppIcon;
				ASSETCATALOG_COMPILER_GLOBAL_ACCENT_COLOR_NAME = AccentColor;
				CODE_SIGN_STYLE = Automatic;
				INFOPLIST_FILE = FoodEatins/Info.plist;
				LD_RUNPATH_SEARCH_PATHS = (
					"$(inherited)",
					"@executable_path/Frameworks",
				);
				PRODUCT_BUNDLE_IDENTIFIER = demo.FoodEatins;
				PRODUCT_NAME = "$(TARGET_NAME)";
				SWIFT_VERSION = 5.0;
				TARGETED_DEVICE_FAMILY = "1,2";
			};
			name = Release;
		};
/* End XCBuildConfiguration section */

/* Begin XCConfigurationList section */
		1816377726BC10810022B6E2 /* Build configuration list for PBXProject "FoodEatins" */ = {
			isa = XCConfigurationList;
			buildConfigurations = (
				1816378E26BC10830022B6E2 /* Debug */,
				1816378F26BC10830022B6E2 /* Release */,
			);
			defaultConfigurationIsVisible = 0;
			defaultConfigurationName = Release;
		};
		1816379026BC10830022B6E2 /* Build configuration list for PBXNativeTarget "FoodEatins" */ = {
			isa = XCConfigurationList;
			buildConfigurations = (
				1816379126BC10830022B6E2 /* Debug */,
				1816379226BC10830022B6E2 /* Release */,
			);
			defaultConfigurationIsVisible = 0;
			defaultConfigurationName = Release;
		};
/* End XCConfigurationList section */
	};
	rootObject = 1816377426BC10810022B6E2 /* Project object */;
}
